
Microsoft Visual Studio Solution File, Format Version 12.00
# Visual Studio Version 16
VisualStudioVersion = 16.0.28803.352
MinimumVisualStudioVersion = 10.0.40219.1
Project("{9A19103F-16F7-4668-BE54-9A1E7A4F7556}") = "graphql-aspnet", "graphql-aspnet\graphql-aspnet.csproj", "{7E5FBC06-0270-4BB9-AF08-08088A1D325E}"
EndProject
Project("{2150E333-8FDC-42A3-9474-1A3956D46DE8}") = "Solution Items", "Solution Items", "{4274961A-0C80-4332-80A7-3FDCB1DA2DA0}"
	ProjectSection(SolutionItems) = preProject
		.editorconfig = .editorconfig
		stylecop.json = stylecop.json
		styles.ruleset = styles.ruleset
	EndProjectSection
EndProject
Project("{9A19103F-16F7-4668-BE54-9A1E7A4F7556}") = "graphql-aspnet-benchmarks", "tests\graphql-aspnet-benchmarks\graphql-aspnet-benchmarks.csproj", "{43E5D3A6-9CE0-4C40-8152-8A729F25AE98}"
EndProject
Global
	GlobalSection(SolutionConfigurationPlatforms) = preSolution
		Debug|Any CPU = Debug|Any CPU
		Release|Any CPU = Release|Any CPU
	EndGlobalSection
	GlobalSection(ProjectConfigurationPlatforms) = postSolution
		{7E5FBC06-0270-4BB9-AF08-08088A1D325E}.Debug|Any CPU.ActiveCfg = Debug|Any CPU
		{7E5FBC06-0270-4BB9-AF08-08088A1D325E}.Debug|Any CPU.Build.0 = Debug|Any CPU
		{7E5FBC06-0270-4BB9-AF08-08088A1D325E}.Release|Any CPU.ActiveCfg = Release|Any CPU
		{7E5FBC06-0270-4BB9-AF08-08088A1D325E}.Release|Any CPU.Build.0 = Release|Any CPU
		{43E5D3A6-9CE0-4C40-8152-8A729F25AE98}.Debug|Any CPU.ActiveCfg = Debug|Any CPU
		{43E5D3A6-9CE0-4C40-8152-8A729F25AE98}.Debug|Any CPU.Build.0 = Debug|Any CPU
		{43E5D3A6-9CE0-4C40-8152-8A729F25AE98}.Release|Any CPU.ActiveCfg = Release|Any CPU
		{43E5D3A6-9CE0-4C40-8152-8A729F25AE98}.Release|Any CPU.Build.0 = Release|Any CPU
	EndGlobalSection
	GlobalSection(SolutionProperties) = preSolution
		HideSolutionNode = FALSE
	EndGlobalSection
	GlobalSection(ExtensibilityGlobals) = postSolution
		SolutionGuid = {DD2C38B8-B029-4DE1-877E-B1A661AC412F}
	EndGlobalSection
EndGlobal
